
Microsoft Visual Studio Solution File, Format Version 12.00
# Visual Studio Version 16
VisualStudioVersion = 16.0.30011.22
MinimumVisualStudioVersion = 10.0.40219.1
Project("{9A19103F-16F7-4668-BE54-9A1E7A4F7556}") = "DatePicker", "InputDateIos\DatePicker.csproj", "{A3C13808-99B8-490A-A53B-4E6AD6D3DF9D}"
EndProject
Project("{FAE04EC0-301F-11D3-BF4B-00C04F79EFBC}") = "Demo", "Demo\Demo.csproj", "{6C2C37E7-1333-4254-8493-FED10D2862EF}"
EndProject
Global
	GlobalSection(SolutionConfigurationPlatforms) = preSolution
		Debug|Any CPU = Debug|Any CPU
		Release|Any CPU = Release|Any CPU
	EndGlobalSection
	GlobalSection(ProjectConfigurationPlatforms) = postSolution
		{A3C13808-99B8-490A-A53B-4E6AD6D3DF9D}.Debug|Any CPU.ActiveCfg = Debug|Any CPU
		{A3C13808-99B8-490A-A53B-4E6AD6D3DF9D}.Debug|Any CPU.Build.0 = Debug|Any CPU
		{A3C13808-99B8-490A-A53B-4E6AD6D3DF9D}.Release|Any CPU.ActiveCfg = Release|Any CPU
		{A3C13808-99B8-490A-A53B-4E6AD6D3DF9D}.Release|Any CPU.Build.0 = Release|Any CPU
		{6C2C37E7-1333-4254-8493-FED10D2862EF}.Debug|Any CPU.ActiveCfg = Debug|Any CPU
		{6C2C37E7-1333-4254-8493-FED10D2862EF}.Debug|Any CPU.Build.0 = Debug|Any CPU
		{6C2C37E7-1333-4254-8493-FED10D2862EF}.Release|Any CPU.ActiveCfg = Release|Any CPU
		{6C2C37E7-1333-4254-8493-FED10D2862EF}.Release|Any CPU.Build.0 = Release|Any CPU
	EndGlobalSection
	GlobalSection(SolutionProperties) = preSolution
		HideSolutionNode = FALSE
	EndGlobalSection
	GlobalSection(ExtensibilityGlobals) = postSolution
		SolutionGuid = {B7D12C06-EFD5-476B-A82E-EF44537F2908}
	EndGlobalSection
EndGlobal
